
Microsoft Visual Studio Solution File, Format Version 12.00
# Visual Studio Version 16
VisualStudioVersion = 16.0.29519.181
MinimumVisualStudioVersion = 10.0.40219.1
Project("{FAE04EC0-301F-11D3-BF4B-00C04F79EFBC}") = "WindowsFormsApp1", "WindowsFormsApp1\WindowsFormsApp1.csproj", "{50E579DC-6B73-40B0-98B8-AFE96785C6A0}"
EndProject
Global
	GlobalSection(SolutionConfigurationPlatforms) = preSolution
		Debug|Any CPU = Debug|Any CPU
		Release|Any CPU = Release|Any CPU
	EndGlobalSection
	GlobalSection(ProjectConfigurationPlatforms) = postSolution
		{50E579DC-6B73-40B0-98B8-AFE96785C6A0}.Debug|Any CPU.ActiveCfg = Debug|Any CPU
		{50E579DC-6B73-40B0-98B8-AFE96785C6A0}.Debug|Any CPU.Build.0 = Debug|Any CPU
		{50E579DC-6B73-40B0-98B8-AFE96785C6A0}.Release|Any CPU.ActiveCfg = Release|Any CPU
		{50E579DC-6B73-40B0-98B8-AFE96785C6A0}.Release|Any CPU.Build.0 = Release|Any CPU
	EndGlobalSection
	GlobalSection(SolutionProperties) = preSolution
		HideSolutionNode = FALSE
	EndGlobalSection
	GlobalSection(ExtensibilityGlobals) = postSolution
		SolutionGuid = {8E5311C8-D3A8-4BB7-ACC7-A4D162B5341D}
	EndGlobalSection
EndGlobal
